
Microsoft Visual Studio Solution File, Format Version 12.00
# Visual Studio Version 17
VisualStudioVersion = 17.1.32414.318
MinimumVisualStudioVersion = 10.0.40219.1
Project("{FAE04EC0-301F-11D3-BF4B-00C04F79EFBC}") = "RegexMachina", "RegexMachina\RegexMachina.csproj", "{D5F92E88-E457-4BE9-8F38-D43FBEBAC2A0}"
EndProject
Global
	GlobalSection(SolutionConfigurationPlatforms) = preSolution
		Debug|Any CPU = Debug|Any CPU
		Release|Any CPU = Release|Any CPU
	EndGlobalSection
	GlobalSection(ProjectConfigurationPlatforms) = postSolution
		{D5F92E88-E457-4BE9-8F38-D43FBEBAC2A0}.Debug|Any CPU.ActiveCfg = Debug|Any CPU
		{D5F92E88-E457-4BE9-8F38-D43FBEBAC2A0}.Debug|Any CPU.Build.0 = Debug|Any CPU
		{D5F92E88-E457-4BE9-8F38-D43FBEBAC2A0}.Release|Any CPU.ActiveCfg = Release|Any CPU
		{D5F92E88-E457-4BE9-8F38-D43FBEBAC2A0}.Release|Any CPU.Build.0 = Release|Any CPU
	EndGlobalSection
	GlobalSection(SolutionProperties) = preSolution
		HideSolutionNode = FALSE
	EndGlobalSection
	GlobalSection(ExtensibilityGlobals) = postSolution
		SolutionGuid = {1EAB31D5-C775-48CE-980E-376CA4097708}
	EndGlobalSection
EndGlobal
